
Microsoft Visual Studio Solution File, Format Version 12.00
# Visual Studio Version 16
VisualStudioVersion = 16.0.29201.188
MinimumVisualStudioVersion = 10.0.40219.1
Project("{FAE04EC0-301F-11D3-BF4B-00C04F79EFBC}") = "TeraTinder", "TeraTinder\TeraTinder.csproj", "{2612243C-0814-4CA0-919E-95F9109BC223}"
EndProject
Global
	GlobalSection(SolutionConfigurationPlatforms) = preSolution
		Debug|Any CPU = Debug|Any CPU
		Debug|x64 = Debug|x64
		Release|Any CPU = Release|Any CPU
		Release|x64 = Release|x64
	EndGlobalSection
	GlobalSection(ProjectConfigurationPlatforms) = postSolution
		{2612243C-0814-4CA0-919E-95F9109BC223}.Debug|Any CPU.ActiveCfg = Debug|Any CPU
		{2612243C-0814-4CA0-919E-95F9109BC223}.Debug|Any CPU.Build.0 = Debug|Any CPU
		{2612243C-0814-4CA0-919E-95F9109BC223}.Debug|x64.ActiveCfg = Debug|Any CPU
		{2612243C-0814-4CA0-919E-95F9109BC223}.Debug|x64.Build.0 = Debug|Any CPU
		{2612243C-0814-4CA0-919E-95F9109BC223}.Release|Any CPU.ActiveCfg = Release|Any CPU
		{2612243C-0814-4CA0-919E-95F9109BC223}.Release|Any CPU.Build.0 = Release|Any CPU
		{2612243C-0814-4CA0-919E-95F9109BC223}.Release|x64.ActiveCfg = Release|x64
		{2612243C-0814-4CA0-919E-95F9109BC223}.Release|x64.Build.0 = Release|x64
	EndGlobalSection
	GlobalSection(SolutionProperties) = preSolution
		HideSolutionNode = FALSE
	EndGlobalSection
	GlobalSection(ExtensibilityGlobals) = postSolution
		SolutionGuid = {95372A6E-543B-4327-BF29-EAF906BA2FD4}
	EndGlobalSection
EndGlobal
